
Microsoft Visual Studio Solution File, Format Version 11.00
# Visual Studio 2010
Project("{159641D6-6404-4A2A-AE62-294DE0FE8301}") = "NursingHomeMigration", "NursingHomeMigration.dtproj", "{EB979147-1B4F-4892-8001-D26C3285C926}"
EndProject
Global
	GlobalSection(SolutionConfigurationPlatforms) = preSolution
		Development|Default = Development|Default
	EndGlobalSection
	GlobalSection(ProjectConfigurationPlatforms) = postSolution
		{EB979147-1B4F-4892-8001-D26C3285C926}.Development|Default.ActiveCfg = Development
		{EB979147-1B4F-4892-8001-D26C3285C926}.Development|Default.Build.0 = Development
	EndGlobalSection
	GlobalSection(SolutionProperties) = preSolution
		HideSolutionNode = FALSE
	EndGlobalSection
EndGlobal
